// !$*UTF8*$!
{
	archiveVersion = 1;
	classes = {
	};
	objectVersion = 48;
	objects = {

/* Begin PBXBuildFile section */
		335B1A121FBB238A006DA9D9 /* AppDelegate.swift in Sources */ = {isa = PBXBuildFile; fileRef = 335B1A111FBB238A006DA9D9 /* AppDelegate.swift */; };
		335B1A171FBB238A006DA9D9 /* Main.storyboard in Resources */ = {isa = PBXBuildFile; fileRef = 335B1A151FBB238A006DA9D9 /* Main.storyboard */; };
		335B1A191FBB238A006DA9D9 /* Assets.xcassets in Resources */ = {isa = PBXBuildFile; fileRef = 335B1A181FBB238A006DA9D9 /* Assets.xcassets */; };
		335B1A1C1FBB238A006DA9D9 /* LaunchScreen.storyboard in Resources */ = {isa = PBXBuildFile; fileRef = 335B1A1A1FBB238A006DA9D9 /* LaunchScreen.storyboard */; };
		335B1A271FBB238A006DA9D9 /* EmogoTests.swift in Sources */ = {isa = PBXBuildFile; fileRef = 335B1A261FBB238A006DA9D9 /* EmogoTests.swift */; };
		335B1A321FBB238B006DA9D9 /* EmogoUITests.swift in Sources */ = {isa = PBXBuildFile; fileRef = 335B1A311FBB238B006DA9D9 /* EmogoUITests.swift */; };
		335B1A461FBB23FE006DA9D9 /* ShareViewController.swift in Sources */ = {isa = PBXBuildFile; fileRef = 335B1A451FBB23FE006DA9D9 /* ShareViewController.swift */; };
		335B1A491FBB23FE006DA9D9 /* MainInterface.storyboard in Resources */ = {isa = PBXBuildFile; fileRef = 335B1A471FBB23FE006DA9D9 /* MainInterface.storyboard */; };
		335B1A4D1FBB23FE006DA9D9 /* ShareExt.appex in Embed App Extensions */ = {isa = PBXBuildFile; fileRef = 335B1A431FBB23FE006DA9D9 /* ShareExt.appex */; settings = {ATTRIBUTES = (RemoveHeadersOnCopy, ); }; };
		335B1A591FBB2413006DA9D9 /* Messages.framework in Frameworks */ = {isa = PBXBuildFile; fileRef = 335B1A581FBB2413006DA9D9 /* Messages.framework */; };
		335B1A5C1FBB2413006DA9D9 /* MessagesViewController.swift in Sources */ = {isa = PBXBuildFile; fileRef = 335B1A5B1FBB2413006DA9D9 /* MessagesViewController.swift */; };
		335B1A5F1FBB2413006DA9D9 /* MainInterface.storyboard in Resources */ = {isa = PBXBuildFile; fileRef = 335B1A5D1FBB2413006DA9D9 /* MainInterface.storyboard */; };
		335B1A611FBB2413006DA9D9 /* Assets.xcassets in Resources */ = {isa = PBXBuildFile; fileRef = 335B1A601FBB2413006DA9D9 /* Assets.xcassets */; };
		335B1A651FBB2413006DA9D9 /* iMessageExt.appex in Embed App Extensions */ = {isa = PBXBuildFile; fileRef = 335B1A561FBB2413006DA9D9 /* iMessageExt.appex */; settings = {ATTRIBUTES = (RemoveHeadersOnCopy, ); }; };
		337B52E11FBC131E00CEC0EB /* UserNameViewController.swift in Sources */ = {isa = PBXBuildFile; fileRef = 337B52E01FBC131E00CEC0EB /* UserNameViewController.swift */; };
		337B52E31FBC141200CEC0EB /* AppConstants.swift in Sources */ = {isa = PBXBuildFile; fileRef = 337B52E21FBC141200CEC0EB /* AppConstants.swift */; };
		337B52E51FBC14C800CEC0EB /* APIConstants.swift in Sources */ = {isa = PBXBuildFile; fileRef = 337B52E41FBC14C800CEC0EB /* APIConstants.swift */; };
		337B52E71FBC168F00CEC0EB /* Validator.swift in Sources */ = {isa = PBXBuildFile; fileRef = 337B52E61FBC168F00CEC0EB /* Validator.swift */; };
		337B52E91FBC177F00CEC0EB /* Extensions.swift in Sources */ = {isa = PBXBuildFile; fileRef = 337B52E81FBC177F00CEC0EB /* Extensions.swift */; };
		33BCB0701FBB353E004FF634 /* APIManager.swift in Sources */ = {isa = PBXBuildFile; fileRef = 33BCB0341FBB353E004FF634 /* APIManager.swift */; };
		33BCB0731FBB353E004FF634 /* SharedData.swift in Sources */ = {isa = PBXBuildFile; fileRef = 33BCB0391FBB353E004FF634 /* SharedData.swift */; };
		33BCB0761FBB353E004FF634 /* PMButton.swift in Sources */ = {isa = PBXBuildFile; fileRef = 33BCB0401FBB353E004FF634 /* PMButton.swift */; };
		33BCB0771FBB353E004FF634 /* Montserrat-Black.otf in Resources */ = {isa = PBXBuildFile; fileRef = 33BCB0441FBB353E004FF634 /* Montserrat-Black.otf */; };
		33BCB0781FBB353E004FF634 /* Montserrat-BlackItalic.otf in Resources */ = {isa = PBXBuildFile; fileRef = 33BCB0451FBB353E004FF634 /* Montserrat-BlackItalic.otf */; };
		33BCB0791FBB353E004FF634 /* Montserrat-Bold.otf in Resources */ = {isa = PBXBuildFile; fileRef = 33BCB0461FBB353E004FF634 /* Montserrat-Bold.otf */; };
		33BCB07A1FBB353E004FF634 /* Montserrat-BoldItalic.otf in Resources */ = {isa = PBXBuildFile; fileRef = 33BCB0471FBB353E004FF634 /* Montserrat-BoldItalic.otf */; };
		33BCB07B1FBB353E004FF634 /* Montserrat-ExtraBold.otf in Resources */ = {isa = PBXBuildFile; fileRef = 33BCB0481FBB353E004FF634 /* Montserrat-ExtraBold.otf */; };
		33BCB07C1FBB353E004FF634 /* Montserrat-ExtraBoldItalic.otf in Resources */ = {isa = PBXBuildFile; fileRef = 33BCB0491FBB353E004FF634 /* Montserrat-ExtraBoldItalic.otf */; };
		33BCB07D1FBB353E004FF634 /* Montserrat-ExtraLight.otf in Resources */ = {isa = PBXBuildFile; fileRef = 33BCB04A1FBB353E004FF634 /* Montserrat-ExtraLight.otf */; };
		33BCB07E1FBB353E004FF634 /* Montserrat-ExtraLightItalic.otf in Resources */ = {isa = PBXBuildFile; fileRef = 33BCB04B1FBB353E004FF634 /* Montserrat-ExtraLightItalic.otf */; };
		33BCB07F1FBB353E004FF634 /* Montserrat-Italic.otf in Resources */ = {isa = PBXBuildFile; fileRef = 33BCB04C1FBB353E004FF634 /* Montserrat-Italic.otf */; };
		33BCB0801FBB353E004FF634 /* Montserrat-Light.otf in Resources */ = {isa = PBXBuildFile; fileRef = 33BCB04D1FBB353E004FF634 /* Montserrat-Light.otf */; };
		33BCB0811FBB353E004FF634 /* Montserrat-LightItalic.otf in Resources */ = {isa = PBXBuildFile; fileRef = 33BCB04E1FBB353E004FF634 /* Montserrat-LightItalic.otf */; };
		33BCB0821FBB353E004FF634 /* Montserrat-Medium.otf in Resources */ = {isa = PBXBuildFile; fileRef = 33BCB04F1FBB353E004FF634 /* Montserrat-Medium.otf */; };
		33BCB0831FBB353E004FF634 /* Montserrat-MediumItalic.otf in Resources */ = {isa = PBXBuildFile; fileRef = 33BCB0501FBB353E004FF634 /* Montserrat-MediumItalic.otf */; };
		33BCB0841FBB353E004FF634 /* Montserrat-Regular.otf in Resources */ = {isa = PBXBuildFile; fileRef = 33BCB0511FBB353E004FF634 /* Montserrat-Regular.otf */; };
		33BCB0851FBB353E004FF634 /* Montserrat-SemiBold.otf in Resources */ = {isa = PBXBuildFile; fileRef = 33BCB0521FBB353E004FF634 /* Montserrat-SemiBold.otf */; };
		33BCB0861FBB353E004FF634 /* Montserrat-SemiBoldItalic.otf in Resources */ = {isa = PBXBuildFile; fileRef = 33BCB0531FBB353E004FF634 /* Montserrat-SemiBoldItalic.otf */; };
		33BCB0871FBB353E004FF634 /* Montserrat-Thin.otf in Resources */ = {isa = PBXBuildFile; fileRef = 33BCB0541FBB353E004FF634 /* Montserrat-Thin.otf */; };
		33BCB0881FBB353E004FF634 /* Montserrat-ThinItalic.otf in Resources */ = {isa = PBXBuildFile; fileRef = 33BCB0551FBB353E004FF634 /* Montserrat-ThinItalic.otf */; };
		33BCB0891FBB353E004FF634 /* MontserratAlternates-Black.otf in Resources */ = {isa = PBXBuildFile; fileRef = 33BCB0561FBB353E004FF634 /* MontserratAlternates-Black.otf */; };
		33BCB08A1FBB353E004FF634 /* MontserratAlternates-BlackItalic.otf in Resources */ = {isa = PBXBuildFile; fileRef = 33BCB0571FBB353E004FF634 /* MontserratAlternates-BlackItalic.otf */; };
		33BCB08B1FBB353E004FF634 /* MontserratAlternates-Bold.otf in Resources */ = {isa = PBXBuildFile; fileRef = 33BCB0581FBB353E004FF634 /* MontserratAlternates-Bold.otf */; };
		33BCB08C1FBB353E004FF634 /* MontserratAlternates-BoldItalic.otf in Resources */ = {isa = PBXBuildFile; fileRef = 33BCB0591FBB353E004FF634 /* MontserratAlternates-BoldItalic.otf */; };
		33BCB08D1FBB353E004FF634 /* MontserratAlternates-ExtraBold.otf in Resources */ = {isa = PBXBuildFile; fileRef = 33BCB05A1FBB353E004FF634 /* MontserratAlternates-ExtraBold.otf */; };
		33BCB08E1FBB353E004FF634 /* MontserratAlternates-ExtraBoldItalic.otf in Resources */ = {isa = PBXBuildFile; fileRef = 33BCB05B1FBB353E004FF634 /* MontserratAlternates-ExtraBoldItalic.otf */; };
		33BCB08F1FBB353E004FF634 /* MontserratAlternates-ExtraLight.otf in Resources */ = {isa = PBXBuildFile; fileRef = 33BCB05C1FBB353E004FF634 /* MontserratAlternates-ExtraLight.otf */; };
		33BCB0901FBB353E004FF634 /* MontserratAlternates-ExtraLightItalic.otf in Resources */ = {isa = PBXBuildFile; fileRef = 33BCB05D1FBB353E004FF634 /* MontserratAlternates-ExtraLightItalic.otf */; };
		33BCB0911FBB353E004FF634 /* MontserratAlternates-Italic.otf in Resources */ = {isa = PBXBuildFile; fileRef = 33BCB05E1FBB353E004FF634 /* MontserratAlternates-Italic.otf */; };
		33BCB0921FBB353E004FF634 /* MontserratAlternates-Light.otf in Resources */ = {isa = PBXBuildFile; fileRef = 33BCB05F1FBB353E004FF634 /* MontserratAlternates-Light.otf */; };
		33BCB0931FBB353E004FF634 /* MontserratAlternates-LightItalic.otf in Resources */ = {isa = PBXBuildFile; fileRef = 33BCB0601FBB353E004FF634 /* MontserratAlternates-LightItalic.otf */; };
		33BCB0941FBB353E004FF634 /* MontserratAlternates-Medium.otf in Resources */ = {isa = PBXBuildFile; fileRef = 33BCB0611FBB353E004FF634 /* MontserratAlternates-Medium.otf */; };
		33BCB0951FBB353E004FF634 /* MontserratAlternates-MediumItalic.otf in Resources */ = {isa = PBXBuildFile; fileRef = 33BCB0621FBB353E004FF634 /* MontserratAlternates-MediumItalic.otf */; };
		33BCB0961FBB353E004FF634 /* MontserratAlternates-Regular.otf in Resources */ = {isa = PBXBuildFile; fileRef = 33BCB0631FBB353E004FF634 /* MontserratAlternates-Regular.otf */; };
		33BCB0971FBB353E004FF634 /* MontserratAlternates-SemiBold.otf in Resources */ = {isa = PBXBuildFile; fileRef = 33BCB0641FBB353E004FF634 /* MontserratAlternates-SemiBold.otf */; };
		33BCB0981FBB353E004FF634 /* MontserratAlternates-SemiBoldItalic.otf in Resources */ = {isa = PBXBuildFile; fileRef = 33BCB0651FBB353E004FF634 /* MontserratAlternates-SemiBoldItalic.otf */; };
		33BCB0991FBB353E004FF634 /* MontserratAlternates-Thin.otf in Resources */ = {isa = PBXBuildFile; fileRef = 33BCB0661FBB353E004FF634 /* MontserratAlternates-Thin.otf */; };
		33BCB09A1FBB353E004FF634 /* MontserratAlternates-ThinItalic.otf in Resources */ = {isa = PBXBuildFile; fileRef = 33BCB0671FBB353E004FF634 /* MontserratAlternates-ThinItalic.otf */; };
		33BCB09B1FBB353E004FF634 /* SignInViewController.swift in Sources */ = {isa = PBXBuildFile; fileRef = 33BCB06B1FBB353E004FF634 /* SignInViewController.swift */; };
		33BCB09C1FBB353E004FF634 /* SignUpViewController.swift in Sources */ = {isa = PBXBuildFile; fileRef = 33BCB06C1FBB353E004FF634 /* SignUpViewController.swift */; };
		33BCB09E1FBB353E004FF634 /* VerificationViewController.swift in Sources */ = {isa = PBXBuildFile; fileRef = 33BCB06E1FBB353E004FF634 /* VerificationViewController.swift */; };
		33BCB09F1FBB353E004FF634 /* ViewController.swift in Sources */ = {isa = PBXBuildFile; fileRef = 33BCB06F1FBB353E004FF634 /* ViewController.swift */; };
		79B855EDB8E9D75B6D9DBBBE /* Pods_iMessageExt.framework in Frameworks */ = {isa = PBXBuildFile; fileRef = 68A23C5C260534D973245260 /* Pods_iMessageExt.framework */; };
		80F50F190DF0D0A635C56634 /* Pods_Emogo.framework in Frameworks */ = {isa = PBXBuildFile; fileRef = 35DBAB71FF54154FA7A271E2 /* Pods_Emogo.framework */; };
		C71AEB264DE58044D1D8AEC5 /* Pods_ShareExt.framework in Frameworks */ = {isa = PBXBuildFile; fileRef = 0D8A6D18B2B24A50F79CC2C6 /* Pods_ShareExt.framework */; };
/* End PBXBuildFile section */

/* Begin PBXContainerItemProxy section */
		335B1A231FBB238A006DA9D9 /* PBXContainerItemProxy */ = {
			isa = PBXContainerItemProxy;
			containerPortal = 335B1A061FBB238A006DA9D9 /* Project object */;
			proxyType = 1;
			remoteGlobalIDString = 335B1A0D1FBB238A006DA9D9;
			remoteInfo = Emogo;
		};
		335B1A2E1FBB238B006DA9D9 /* PBXContainerItemProxy */ = {
			isa = PBXContainerItemProxy;
			containerPortal = 335B1A061FBB238A006DA9D9 /* Project object */;
			proxyType = 1;
			remoteGlobalIDString = 335B1A0D1FBB238A006DA9D9;
			remoteInfo = Emogo;
		};
		335B1A4B1FBB23FE006DA9D9 /* PBXContainerItemProxy */ = {
			isa = PBXContainerItemProxy;
			containerPortal = 335B1A061FBB238A006DA9D9 /* Project object */;
			proxyType = 1;
			remoteGlobalIDString = 335B1A421FBB23FE006DA9D9;
			remoteInfo = ShareExt;
		};
		335B1A631FBB2413006DA9D9 /* PBXContainerItemProxy */ = {
			isa = PBXContainerItemProxy;
			containerPortal = 335B1A061FBB238A006DA9D9 /* Project object */;
			proxyType = 1;
			remoteGlobalIDString = 335B1A551FBB2413006DA9D9;
			remoteInfo = iMessageExt;
		};
/* End PBXContainerItemProxy section */

/* Begin PBXCopyFilesBuildPhase section */
		335B1A511FBB23FE006DA9D9 /* Embed App Extensions */ = {
			isa = PBXCopyFilesBuildPhase;
			buildActionMask = 2147483647;
			dstPath = "";
			dstSubfolderSpec = 13;
			files = (
				335B1A651FBB2413006DA9D9 /* iMessageExt.appex in Embed App Extensions */,
				335B1A4D1FBB23FE006DA9D9 /* ShareExt.appex in Embed App Extensions */,
			);
			name = "Embed App Extensions";
			runOnlyForDeploymentPostprocessing = 0;
		};
/* End PBXCopyFilesBuildPhase section */

/* Begin PBXFileReference section */
		0D8A6D18B2B24A50F79CC2C6 /* Pods_ShareExt.framework */ = {isa = PBXFileReference; explicitFileType = wrapper.framework; includeInIndex = 0; path = Pods_ShareExt.framework; sourceTree = BUILT_PRODUCTS_DIR; };
		1F310BC23B336DA3B9A94C58 /* Pods-Emogo.debug.xcconfig */ = {isa = PBXFileReference; includeInIndex = 1; lastKnownFileType = text.xcconfig; name = "Pods-Emogo.debug.xcconfig"; path = "Pods/Target Support Files/Pods-Emogo/Pods-Emogo.debug.xcconfig"; sourceTree = "<group>"; };
		335B1A0E1FBB238A006DA9D9 /* Emogo.app */ = {isa = PBXFileReference; explicitFileType = wrapper.application; includeInIndex = 0; path = Emogo.app; sourceTree = BUILT_PRODUCTS_DIR; };
		335B1A111FBB238A006DA9D9 /* AppDelegate.swift */ = {isa = PBXFileReference; lastKnownFileType = sourcecode.swift; path = AppDelegate.swift; sourceTree = "<group>"; };
		335B1A161FBB238A006DA9D9 /* Base */ = {isa = PBXFileReference; lastKnownFileType = file.storyboard; name = Base; path = Base.lproj/Main.storyboard; sourceTree = "<group>"; };
		335B1A181FBB238A006DA9D9 /* Assets.xcassets */ = {isa = PBXFileReference; lastKnownFileType = folder.assetcatalog; path = Assets.xcassets; sourceTree = "<group>"; };
		335B1A1B1FBB238A006DA9D9 /* Base */ = {isa = PBXFileReference; lastKnownFileType = file.storyboard; name = Base; path = Base.lproj/LaunchScreen.storyboard; sourceTree = "<group>"; };
		335B1A1D1FBB238A006DA9D9 /* Info.plist */ = {isa = PBXFileReference; lastKnownFileType = text.plist.xml; path = Info.plist; sourceTree = "<group>"; };
		335B1A221FBB238A006DA9D9 /* EmogoTests.xctest */ = {isa = PBXFileReference; explicitFileType = wrapper.cfbundle; includeInIndex = 0; path = EmogoTests.xctest; sourceTree = BUILT_PRODUCTS_DIR; };
		335B1A261FBB238A006DA9D9 /* EmogoTests.swift */ = {isa = PBXFileReference; lastKnownFileType = sourcecode.swift; path = EmogoTests.swift; sourceTree = "<group>"; };
		335B1A281FBB238A006DA9D9 /* Info.plist */ = {isa = PBXFileReference; lastKnownFileType = text.plist.xml; path = Info.plist; sourceTree = "<group>"; };
		335B1A2D1FBB238B006DA9D9 /* EmogoUITests.xctest */ = {isa = PBXFileReference; explicitFileType = wrapper.cfbundle; includeInIndex = 0; path = EmogoUITests.xctest; sourceTree = BUILT_PRODUCTS_DIR; };
		335B1A311FBB238B006DA9D9 /* EmogoUITests.swift */ = {isa = PBXFileReference; lastKnownFileType = sourcecode.swift; path = EmogoUITests.swift; sourceTree = "<group>"; };
		335B1A331FBB238B006DA9D9 /* Info.plist */ = {isa = PBXFileReference; lastKnownFileType = text.plist.xml; path = Info.plist; sourceTree = "<group>"; };
		335B1A431FBB23FE006DA9D9 /* ShareExt.appex */ = {isa = PBXFileReference; explicitFileType = "wrapper.app-extension"; includeInIndex = 0; path = ShareExt.appex; sourceTree = BUILT_PRODUCTS_DIR; };
		335B1A451FBB23FE006DA9D9 /* ShareViewController.swift */ = {isa = PBXFileReference; lastKnownFileType = sourcecode.swift; path = ShareViewController.swift; sourceTree = "<group>"; };
		335B1A481FBB23FE006DA9D9 /* Base */ = {isa = PBXFileReference; lastKnownFileType = file.storyboard; name = Base; path = Base.lproj/MainInterface.storyboard; sourceTree = "<group>"; };
		335B1A4A1FBB23FE006DA9D9 /* Info.plist */ = {isa = PBXFileReference; lastKnownFileType = text.plist.xml; path = Info.plist; sourceTree = "<group>"; };
		335B1A561FBB2413006DA9D9 /* iMessageExt.appex */ = {isa = PBXFileReference; explicitFileType = "wrapper.app-extension"; includeInIndex = 0; path = iMessageExt.appex; sourceTree = BUILT_PRODUCTS_DIR; };
		335B1A581FBB2413006DA9D9 /* Messages.framework */ = {isa = PBXFileReference; lastKnownFileType = wrapper.framework; name = Messages.framework; path = System/Library/Frameworks/Messages.framework; sourceTree = SDKROOT; };
		335B1A5B1FBB2413006DA9D9 /* MessagesViewController.swift */ = {isa = PBXFileReference; lastKnownFileType = sourcecode.swift; path = MessagesViewController.swift; sourceTree = "<group>"; };
		335B1A5E1FBB2413006DA9D9 /* Base */ = {isa = PBXFileReference; lastKnownFileType = file.storyboard; name = Base; path = Base.lproj/MainInterface.storyboard; sourceTree = "<group>"; };
		335B1A601FBB2413006DA9D9 /* Assets.xcassets */ = {isa = PBXFileReference; lastKnownFileType = folder.assetcatalog; path = Assets.xcassets; sourceTree = "<group>"; };
		335B1A621FBB2413006DA9D9 /* Info.plist */ = {isa = PBXFileReference; lastKnownFileType = text.plist.xml; path = Info.plist; sourceTree = "<group>"; };
		337B52E01FBC131E00CEC0EB /* UserNameViewController.swift */ = {isa = PBXFileReference; lastKnownFileType = sourcecode.swift; path = UserNameViewController.swift; sourceTree = "<group>"; };
		337B52E21FBC141200CEC0EB /* AppConstants.swift */ = {isa = PBXFileReference; lastKnownFileType = sourcecode.swift; path = AppConstants.swift; sourceTree = "<group>"; };
		337B52E41FBC14C800CEC0EB /* APIConstants.swift */ = {isa = PBXFileReference; fileEncoding = 4; lastKnownFileType = sourcecode.swift; path = APIConstants.swift; sourceTree = "<group>"; };
		337B52E61FBC168F00CEC0EB /* Validator.swift */ = {isa = PBXFileReference; lastKnownFileType = sourcecode.swift; path = Validator.swift; sourceTree = "<group>"; };
		337B52E81FBC177F00CEC0EB /* Extensions.swift */ = {isa = PBXFileReference; lastKnownFileType = sourcecode.swift; path = Extensions.swift; sourceTree = "<group>"; };
		33BCB0341FBB353E004FF634 /* APIManager.swift */ = {isa = PBXFileReference; fileEncoding = 4; lastKnownFileType = sourcecode.swift; path = APIManager.swift; sourceTree = "<group>"; };
		33BCB0391FBB353E004FF634 /* SharedData.swift */ = {isa = PBXFileReference; fileEncoding = 4; lastKnownFileType = sourcecode.swift; path = SharedData.swift; sourceTree = "<group>"; };
		33BCB0401FBB353E004FF634 /* PMButton.swift */ = {isa = PBXFileReference; fileEncoding = 4; lastKnownFileType = sourcecode.swift; path = PMButton.swift; sourceTree = "<group>"; };
		33BCB0421FBB353E004FF634 /* Emogo-Bridging-Header.h */ = {isa = PBXFileReference; fileEncoding = 4; lastKnownFileType = sourcecode.c.h; path = "Emogo-Bridging-Header.h"; sourceTree = "<group>"; };
		33BCB0441FBB353E004FF634 /* Montserrat-Black.otf */ = {isa = PBXFileReference; lastKnownFileType = file; path = "Montserrat-Black.otf"; sourceTree = "<group>"; };
		33BCB0451FBB353E004FF634 /* Montserrat-BlackItalic.otf */ = {isa = PBXFileReference; lastKnownFileType = file; path = "Montserrat-BlackItalic.otf"; sourceTree = "<group>"; };
		33BCB0461FBB353E004FF634 /* Montserrat-Bold.otf */ = {isa = PBXFileReference; lastKnownFileType = file; path = "Montserrat-Bold.otf"; sourceTree = "<group>"; };
		33BCB0471FBB353E004FF634 /* Montserrat-BoldItalic.otf */ = {isa = PBXFileReference; lastKnownFileType = file; path = "Montserrat-BoldItalic.otf"; sourceTree = "<group>"; };
		33BCB0481FBB353E004FF634 /* Montserrat-ExtraBold.otf */ = {isa = PBXFileReference; lastKnownFileType = file; path = "Montserrat-ExtraBold.otf"; sourceTree = "<group>"; };
		33BCB0491FBB353E004FF634 /* Montserrat-ExtraBoldItalic.otf */ = {isa = PBXFileReference; lastKnownFileType = file; path = "Montserrat-ExtraBoldItalic.otf"; sourceTree = "<group>"; };
		33BCB04A1FBB353E004FF634 /* Montserrat-ExtraLight.otf */ = {isa = PBXFileReference; lastKnownFileType = file; path = "Montserrat-ExtraLight.otf"; sourceTree = "<group>"; };
		33BCB04B1FBB353E004FF634 /* Montserrat-ExtraLightItalic.otf */ = {isa = PBXFileReference; lastKnownFileType = file; path = "Montserrat-ExtraLightItalic.otf"; sourceTree = "<group>"; };
		33BCB04C1FBB353E004FF634 /* Montserrat-Italic.otf */ = {isa = PBXFileReference; lastKnownFileType = file; path = "Montserrat-Italic.otf"; sourceTree = "<group>"; };
		33BCB04D1FBB353E004FF634 /* Montserrat-Light.otf */ = {isa = PBXFileReference; lastKnownFileType = file; path = "Montserrat-Light.otf"; sourceTree = "<group>"; };
		33BCB04E1FBB353E004FF634 /* Montserrat-LightItalic.otf */ = {isa = PBXFileReference; lastKnownFileType = file; path = "Montserrat-LightItalic.otf"; sourceTree = "<group>"; };
		33BCB04F1FBB353E004FF634 /* Montserrat-Medium.otf */ = {isa = PBXFileReference; lastKnownFileType = file; path = "Montserrat-Medium.otf"; sourceTree = "<group>"; };
		33BCB0501FBB353E004FF634 /* Montserrat-MediumItalic.otf */ = {isa = PBXFileReference; lastKnownFileType = file; path = "Montserrat-MediumItalic.otf"; sourceTree = "<group>"; };
		33BCB0511FBB353E004FF634 /* Montserrat-Regular.otf */ = {isa = PBXFileReference; lastKnownFileType = file; path = "Montserrat-Regular.otf"; sourceTree = "<group>"; };
		33BCB0521FBB353E004FF634 /* Montserrat-SemiBold.otf */ = {isa = PBXFileReference; lastKnownFileType = file; path = "Montserrat-SemiBold.otf"; sourceTree = "<group>"; };
		33BCB0531FBB353E004FF634 /* Montserrat-SemiBoldItalic.otf */ = {isa = PBXFileReference; lastKnownFileType = file; path = "Montserrat-SemiBoldItalic.otf"; sourceTree = "<group>"; };
		33BCB0541FBB353E004FF634 /* Montserrat-Thin.otf */ = {isa = PBXFileReference; lastKnownFileType = file; path = "Montserrat-Thin.otf"; sourceTree = "<group>"; };
		33BCB0551FBB353E004FF634 /* Montserrat-ThinItalic.otf */ = {isa = PBXFileReference; lastKnownFileType = file; path = "Montserrat-ThinItalic.otf"; sourceTree = "<group>"; };
		33BCB0561FBB353E004FF634 /* MontserratAlternates-Black.otf */ = {isa = PBXFileReference; lastKnownFileType = file; path = "MontserratAlternates-Black.otf"; sourceTree = "<group>"; };
		33BCB0571FBB353E004FF634 /* MontserratAlternates-BlackItalic.otf */ = {isa = PBXFileReference; lastKnownFileType = file; path = "MontserratAlternates-BlackItalic.otf"; sourceTree = "<group>"; };
		33BCB0581FBB353E004FF634 /* MontserratAlternates-Bold.otf */ = {isa = PBXFileReference; lastKnownFileType = file; path = "MontserratAlternates-Bold.otf"; sourceTree = "<group>"; };
		33BCB0591FBB353E004FF634 /* MontserratAlternates-BoldItalic.otf */ = {isa = PBXFileReference; lastKnownFileType = file; path = "MontserratAlternates-BoldItalic.otf"; sourceTree = "<group>"; };
		33BCB05A1FBB353E004FF634 /* MontserratAlternates-ExtraBold.otf */ = {isa = PBXFileReference; lastKnownFileType = file; path = "MontserratAlternates-ExtraBold.otf"; sourceTree = "<group>"; };
		33BCB05B1FBB353E004FF634 /* MontserratAlternates-ExtraBoldItalic.otf */ = {isa = PBXFileReference; lastKnownFileType = file; path = "MontserratAlternates-ExtraBoldItalic.otf"; sourceTree = "<group>"; };
		33BCB05C1FBB353E004FF634 /* MontserratAlternates-ExtraLight.otf */ = {isa = PBXFileReference; lastKnownFileType = file; path = "MontserratAlternates-ExtraLight.otf"; sourceTree = "<group>"; };
		33BCB05D1FBB353E004FF634 /* MontserratAlternates-ExtraLightItalic.otf */ = {isa = PBXFileReference; lastKnownFileType = file; path = "MontserratAlternates-ExtraLightItalic.otf"; sourceTree = "<group>"; };
		33BCB05E1FBB353E004FF634 /* MontserratAlternates-Italic.otf */ = {isa = PBXFileReference; lastKnownFileType = file; path = "MontserratAlternates-Italic.otf"; sourceTree = "<group>"; };
		33BCB05F1FBB353E004FF634 /* MontserratAlternates-Light.otf */ = {isa = PBXFileReference; lastKnownFileType = file; path = "MontserratAlternates-Light.otf"; sourceTree = "<group>"; };
		33BCB0601FBB353E004FF634 /* MontserratAlternates-LightItalic.otf */ = {isa = PBXFileReference; lastKnownFileType = file; path = "MontserratAlternates-LightItalic.otf"; sourceTree = "<group>"; };
		33BCB0611FBB353E004FF634 /* MontserratAlternates-Medium.otf */ = {isa = PBXFileReference; lastKnownFileType = file; path = "MontserratAlternates-Medium.otf"; sourceTree = "<group>"; };
		33BCB0621FBB353E004FF634 /* MontserratAlternates-MediumItalic.otf */ = {isa = PBXFileReference; lastKnownFileType = file; path = "MontserratAlternates-MediumItalic.otf"; sourceTree = "<group>"; };
		33BCB0631FBB353E004FF634 /* MontserratAlternates-Regular.otf */ = {isa = PBXFileReference; lastKnownFileType = file; path = "MontserratAlternates-Regular.otf"; sourceTree = "<group>"; };
		33BCB0641FBB353E004FF634 /* MontserratAlternates-SemiBold.otf */ = {isa = PBXFileReference; lastKnownFileType = file; path = "MontserratAlternates-SemiBold.otf"; sourceTree = "<group>"; };
		33BCB0651FBB353E004FF634 /* MontserratAlternates-SemiBoldItalic.otf */ = {isa = PBXFileReference; lastKnownFileType = file; path = "MontserratAlternates-SemiBoldItalic.otf"; sourceTree = "<group>"; };
		33BCB0661FBB353E004FF634 /* MontserratAlternates-Thin.otf */ = {isa = PBXFileReference; lastKnownFileType = file; path = "MontserratAlternates-Thin.otf"; sourceTree = "<group>"; };
		33BCB0671FBB353E004FF634 /* MontserratAlternates-ThinItalic.otf */ = {isa = PBXFileReference; lastKnownFileType = file; path = "MontserratAlternates-ThinItalic.otf"; sourceTree = "<group>"; };
		33BCB06B1FBB353E004FF634 /* SignInViewController.swift */ = {isa = PBXFileReference; fileEncoding = 4; lastKnownFileType = sourcecode.swift; path = SignInViewController.swift; sourceTree = "<group>"; };
		33BCB06C1FBB353E004FF634 /* SignUpViewController.swift */ = {isa = PBXFileReference; fileEncoding = 4; lastKnownFileType = sourcecode.swift; path = SignUpViewController.swift; sourceTree = "<group>"; };
		33BCB06E1FBB353E004FF634 /* VerificationViewController.swift */ = {isa = PBXFileReference; fileEncoding = 4; lastKnownFileType = sourcecode.swift; path = VerificationViewController.swift; sourceTree = "<group>"; };
		33BCB06F1FBB353E004FF634 /* ViewController.swift */ = {isa = PBXFileReference; fileEncoding = 4; lastKnownFileType = sourcecode.swift; path = ViewController.swift; sourceTree = "<group>"; };
		35DBAB71FF54154FA7A271E2 /* Pods_Emogo.framework */ = {isa = PBXFileReference; explicitFileType = wrapper.framework; includeInIndex = 0; path = Pods_Emogo.framework; sourceTree = BUILT_PRODUCTS_DIR; };
		3D9F5135564F0A8FF708BED0 /* Pods-iMessageExt.release.xcconfig */ = {isa = PBXFileReference; includeInIndex = 1; lastKnownFileType = text.xcconfig; name = "Pods-iMessageExt.release.xcconfig"; path = "Pods/Target Support Files/Pods-iMessageExt/Pods-iMessageExt.release.xcconfig"; sourceTree = "<group>"; };
		68A23C5C260534D973245260 /* Pods_iMessageExt.framework */ = {isa = PBXFileReference; explicitFileType = wrapper.framework; includeInIndex = 0; path = Pods_iMessageExt.framework; sourceTree = BUILT_PRODUCTS_DIR; };
		93F17F61E2C943C5CC266208 /* Pods-ShareExt.debug.xcconfig */ = {isa = PBXFileReference; includeInIndex = 1; lastKnownFileType = text.xcconfig; name = "Pods-ShareExt.debug.xcconfig"; path = "Pods/Target Support Files/Pods-ShareExt/Pods-ShareExt.debug.xcconfig"; sourceTree = "<group>"; };
		9A3F8EE33050623A851BF111 /* Pods-ShareExt.release.xcconfig */ = {isa = PBXFileReference; includeInIndex = 1; lastKnownFileType = text.xcconfig; name = "Pods-ShareExt.release.xcconfig"; path = "Pods/Target Support Files/Pods-ShareExt/Pods-ShareExt.release.xcconfig"; sourceTree = "<group>"; };
		C0116CE7C51A614A0E9157D1 /* Pods-Emogo.release.xcconfig */ = {isa = PBXFileReference; includeInIndex = 1; lastKnownFileType = text.xcconfig; name = "Pods-Emogo.release.xcconfig"; path = "Pods/Target Support Files/Pods-Emogo/Pods-Emogo.release.xcconfig"; sourceTree = "<group>"; };
		FED11246402A3CB76E85A261 /* Pods-iMessageExt.debug.xcconfig */ = {isa = PBXFileReference; includeInIndex = 1; lastKnownFileType = text.xcconfig; name = "Pods-iMessageExt.debug.xcconfig"; path = "Pods/Target Support Files/Pods-iMessageExt/Pods-iMessageExt.debug.xcconfig"; sourceTree = "<group>"; };
/* End PBXFileReference section */

/* Begin PBXFrameworksBuildPhase section */
		335B1A0B1FBB238A006DA9D9 /* Frameworks */ = {
			isa = PBXFrameworksBuildPhase;
			buildActionMask = 2147483647;
			files = (
				80F50F190DF0D0A635C56634 /* Pods_Emogo.framework in Frameworks */,
			);
			runOnlyForDeploymentPostprocessing = 0;
		};
		335B1A1F1FBB238A006DA9D9 /* Frameworks */ = {
			isa = PBXFrameworksBuildPhase;
			buildActionMask = 2147483647;
			files = (
			);
			runOnlyForDeploymentPostprocessing = 0;
		};
		335B1A2A1FBB238B006DA9D9 /* Frameworks */ = {
			isa = PBXFrameworksBuildPhase;
			buildActionMask = 2147483647;
			files = (
			);
			runOnlyForDeploymentPostprocessing = 0;
		};
		335B1A401FBB23FE006DA9D9 /* Frameworks */ = {
			isa = PBXFrameworksBuildPhase;
			buildActionMask = 2147483647;
			files = (
				C71AEB264DE58044D1D8AEC5 /* Pods_ShareExt.framework in Frameworks */,
			);
			runOnlyForDeploymentPostprocessing = 0;
		};
		335B1A531FBB2413006DA9D9 /* Frameworks */ = {
			isa = PBXFrameworksBuildPhase;
			buildActionMask = 2147483647;
			files = (
				335B1A591FBB2413006DA9D9 /* Messages.framework in Frameworks */,
				79B855EDB8E9D75B6D9DBBBE /* Pods_iMessageExt.framework in Frameworks */,
			);
			runOnlyForDeploymentPostprocessing = 0;
		};
/* End PBXFrameworksBuildPhase section */

/* Begin PBXGroup section */
		335B1A051FBB238A006DA9D9 = {
			isa = PBXGroup;
			children = (
				335B1A101FBB238A006DA9D9 /* Emogo */,
				335B1A251FBB238A006DA9D9 /* EmogoTests */,
				335B1A301FBB238B006DA9D9 /* EmogoUITests */,
				335B1A441FBB23FE006DA9D9 /* ShareExt */,
				335B1A5A1FBB2413006DA9D9 /* iMessageExt */,
				335B1A571FBB2413006DA9D9 /* Frameworks */,
				335B1A0F1FBB238A006DA9D9 /* Products */,
				B7F8FDDD4726FD8DF5D6273C /* Pods */,
			);
			sourceTree = "<group>";
		};
		335B1A0F1FBB238A006DA9D9 /* Products */ = {
			isa = PBXGroup;
			children = (
				335B1A0E1FBB238A006DA9D9 /* Emogo.app */,
				335B1A221FBB238A006DA9D9 /* EmogoTests.xctest */,
				335B1A2D1FBB238B006DA9D9 /* EmogoUITests.xctest */,
				335B1A431FBB23FE006DA9D9 /* ShareExt.appex */,
				335B1A561FBB2413006DA9D9 /* iMessageExt.appex */,
			);
			name = Products;
			sourceTree = "<group>";
		};
		335B1A101FBB238A006DA9D9 /* Emogo */ = {
			isa = PBXGroup;
			children = (
				335B1A111FBB238A006DA9D9 /* AppDelegate.swift */,
				33BCB0681FBB353E004FF634 /* Interface */,
				33BCB0321FBB353E004FF634 /* Utils */,
				33BCB03E1FBB353E004FF634 /* Externals */,
				33BCB0411FBB353E004FF634 /* Resources */,
				33BCB0A01FBB3555004FF634 /* SupportingFiles */,
				335B1A181FBB238A006DA9D9 /* Assets.xcassets */,
			);
			path = Emogo;
			sourceTree = "<group>";
		};
		335B1A251FBB238A006DA9D9 /* EmogoTests */ = {
			isa = PBXGroup;
			children = (
				335B1A261FBB238A006DA9D9 /* EmogoTests.swift */,
				335B1A281FBB238A006DA9D9 /* Info.plist */,
			);
			path = EmogoTests;
			sourceTree = "<group>";
		};
		335B1A301FBB238B006DA9D9 /* EmogoUITests */ = {
			isa = PBXGroup;
			children = (
				335B1A311FBB238B006DA9D9 /* EmogoUITests.swift */,
				335B1A331FBB238B006DA9D9 /* Info.plist */,
			);
			path = EmogoUITests;
			sourceTree = "<group>";
		};
		335B1A441FBB23FE006DA9D9 /* ShareExt */ = {
			isa = PBXGroup;
			children = (
				335B1A451FBB23FE006DA9D9 /* ShareViewController.swift */,
				335B1A471FBB23FE006DA9D9 /* MainInterface.storyboard */,
				335B1A4A1FBB23FE006DA9D9 /* Info.plist */,
			);
			path = ShareExt;
			sourceTree = "<group>";
		};
		335B1A571FBB2413006DA9D9 /* Frameworks */ = {
			isa = PBXGroup;
			children = (
				335B1A581FBB2413006DA9D9 /* Messages.framework */,
				35DBAB71FF54154FA7A271E2 /* Pods_Emogo.framework */,
				0D8A6D18B2B24A50F79CC2C6 /* Pods_ShareExt.framework */,
				68A23C5C260534D973245260 /* Pods_iMessageExt.framework */,
			);
			name = Frameworks;
			sourceTree = "<group>";
		};
		335B1A5A1FBB2413006DA9D9 /* iMessageExt */ = {
			isa = PBXGroup;
			children = (
				335B1A5B1FBB2413006DA9D9 /* MessagesViewController.swift */,
				335B1A5D1FBB2413006DA9D9 /* MainInterface.storyboard */,
				335B1A601FBB2413006DA9D9 /* Assets.xcassets */,
				335B1A621FBB2413006DA9D9 /* Info.plist */,
			);
			path = iMessageExt;
			sourceTree = "<group>";
		};
		33BCB0321FBB353E004FF634 /* Utils */ = {
			isa = PBXGroup;
			children = (
				33BCB0331FBB353E004FF634 /* APIManager */,
				33BCB0351FBB353E004FF634 /* Constants */,
				33BCB0381FBB353E004FF634 /* Core */,
				33BCB03A1FBB353E004FF634 /* Extensions */,
				33BCB03C1FBB353E004FF634 /* Validations */,
			);
			path = Utils;
			sourceTree = "<group>";
		};
		33BCB0331FBB353E004FF634 /* APIManager */ = {
			isa = PBXGroup;
			children = (
				33BCB0341FBB353E004FF634 /* APIManager.swift */,
			);
			path = APIManager;
			sourceTree = "<group>";
		};
		33BCB0351FBB353E004FF634 /* Constants */ = {
			isa = PBXGroup;
			children = (
				337B52E41FBC14C800CEC0EB /* APIConstants.swift */,
				337B52E21FBC141200CEC0EB /* AppConstants.swift */,
			);
			path = Constants;
			sourceTree = "<group>";
		};
		33BCB0381FBB353E004FF634 /* Core */ = {
			isa = PBXGroup;
			children = (
				33BCB0391FBB353E004FF634 /* SharedData.swift */,
			);
			path = Core;
			sourceTree = "<group>";
		};
		33BCB03A1FBB353E004FF634 /* Extensions */ = {
			isa = PBXGroup;
			children = (
				337B52E81FBC177F00CEC0EB /* Extensions.swift */,
			);
			path = Extensions;
			sourceTree = "<group>";
		};
		33BCB03C1FBB353E004FF634 /* Validations */ = {
			isa = PBXGroup;
			children = (
				337B52E61FBC168F00CEC0EB /* Validator.swift */,
			);
			path = Validations;
			sourceTree = "<group>";
		};
		33BCB03E1FBB353E004FF634 /* Externals */ = {
			isa = PBXGroup;
			children = (
				33BCB03F1FBB353E004FF634 /* Custom UI */,
			);
			path = Externals;
			sourceTree = "<group>";
		};
		33BCB03F1FBB353E004FF634 /* Custom UI */ = {
			isa = PBXGroup;
			children = (
				33BCB0401FBB353E004FF634 /* PMButton.swift */,
			);
			path = "Custom UI";
			sourceTree = "<group>";
		};
		33BCB0411FBB353E004FF634 /* Resources */ = {
			isa = PBXGroup;
			children = (
				33BCB0421FBB353E004FF634 /* Emogo-Bridging-Header.h */,
				33BCB0431FBB353E004FF634 /* Fonts */,
			);
			path = Resources;
			sourceTree = "<group>";
		};
		33BCB0431FBB353E004FF634 /* Fonts */ = {
			isa = PBXGroup;
			children = (
				33BCB0441FBB353E004FF634 /* Montserrat-Black.otf */,
				33BCB0451FBB353E004FF634 /* Montserrat-BlackItalic.otf */,
				33BCB0461FBB353E004FF634 /* Montserrat-Bold.otf */,
				33BCB0471FBB353E004FF634 /* Montserrat-BoldItalic.otf */,
				33BCB0481FBB353E004FF634 /* Montserrat-ExtraBold.otf */,
				33BCB0491FBB353E004FF634 /* Montserrat-ExtraBoldItalic.otf */,
				33BCB04A1FBB353E004FF634 /* Montserrat-ExtraLight.otf */,
				33BCB04B1FBB353E004FF634 /* Montserrat-ExtraLightItalic.otf */,
				33BCB04C1FBB353E004FF634 /* Montserrat-Italic.otf */,
				33BCB04D1FBB353E004FF634 /* Montserrat-Light.otf */,
				33BCB04E1FBB353E004FF634 /* Montserrat-LightItalic.otf */,
				33BCB04F1FBB353E004FF634 /* Montserrat-Medium.otf */,
				33BCB0501FBB353E004FF634 /* Montserrat-MediumItalic.otf */,
				33BCB0511FBB353E004FF634 /* Montserrat-Regular.otf */,
				33BCB0521FBB353E004FF634 /* Montserrat-SemiBold.otf */,
				33BCB0531FBB353E004FF634 /* Montserrat-SemiBoldItalic.otf */,
				33BCB0541FBB353E004FF634 /* Montserrat-Thin.otf */,
				33BCB0551FBB353E004FF634 /* Montserrat-ThinItalic.otf */,
				33BCB0561FBB353E004FF634 /* MontserratAlternates-Black.otf */,
				33BCB0571FBB353E004FF634 /* MontserratAlternates-BlackItalic.otf */,
				33BCB0581FBB353E004FF634 /* MontserratAlternates-Bold.otf */,
				33BCB0591FBB353E004FF634 /* MontserratAlternates-BoldItalic.otf */,
				33BCB05A1FBB353E004FF634 /* MontserratAlternates-ExtraBold.otf */,
				33BCB05B1FBB353E004FF634 /* MontserratAlternates-ExtraBoldItalic.otf */,
				33BCB05C1FBB353E004FF634 /* MontserratAlternates-ExtraLight.otf */,
				33BCB05D1FBB353E004FF634 /* MontserratAlternates-ExtraLightItalic.otf */,
				33BCB05E1FBB353E004FF634 /* MontserratAlternates-Italic.otf */,
				33BCB05F1FBB353E004FF634 /* MontserratAlternates-Light.otf */,
				33BCB0601FBB353E004FF634 /* MontserratAlternates-LightItalic.otf */,
				33BCB0611FBB353E004FF634 /* MontserratAlternates-Medium.otf */,
				33BCB0621FBB353E004FF634 /* MontserratAlternates-MediumItalic.otf */,
				33BCB0631FBB353E004FF634 /* MontserratAlternates-Regular.otf */,
				33BCB0641FBB353E004FF634 /* MontserratAlternates-SemiBold.otf */,
				33BCB0651FBB353E004FF634 /* MontserratAlternates-SemiBoldItalic.otf */,
				33BCB0661FBB353E004FF634 /* MontserratAlternates-Thin.otf */,
				33BCB0671FBB353E004FF634 /* MontserratAlternates-ThinItalic.otf */,
			);
			path = Fonts;
			sourceTree = "<group>";
		};
		33BCB0681FBB353E004FF634 /* Interface */ = {
			isa = PBXGroup;
			children = (
				33BCB0691FBB353E004FF634 /* Controllers */,
			);
			path = Interface;
			sourceTree = "<group>";
		};
		33BCB0691FBB353E004FF634 /* Controllers */ = {
			isa = PBXGroup;
			children = (
				33BCB06A1FBB353E004FF634 /* OnBoarding */,
			);
			path = Controllers;
			sourceTree = "<group>";
		};
		33BCB06A1FBB353E004FF634 /* OnBoarding */ = {
			isa = PBXGroup;
			children = (
				33BCB06B1FBB353E004FF634 /* SignInViewController.swift */,
				33BCB06C1FBB353E004FF634 /* SignUpViewController.swift */,
				337B52E01FBC131E00CEC0EB /* UserNameViewController.swift */,
				33BCB06E1FBB353E004FF634 /* VerificationViewController.swift */,
				33BCB06F1FBB353E004FF634 /* ViewController.swift */,
			);
			path = OnBoarding;
			sourceTree = "<group>";
		};
		33BCB0A01FBB3555004FF634 /* SupportingFiles */ = {
			isa = PBXGroup;
			children = (
				335B1A151FBB238A006DA9D9 /* Main.storyboard */,
				335B1A1A1FBB238A006DA9D9 /* LaunchScreen.storyboard */,
				335B1A1D1FBB238A006DA9D9 /* Info.plist */,
			);
			path = SupportingFiles;
			sourceTree = "<group>";
		};
		B7F8FDDD4726FD8DF5D6273C /* Pods */ = {
			isa = PBXGroup;
			children = (
				1F310BC23B336DA3B9A94C58 /* Pods-Emogo.debug.xcconfig */,
				C0116CE7C51A614A0E9157D1 /* Pods-Emogo.release.xcconfig */,
				93F17F61E2C943C5CC266208 /* Pods-ShareExt.debug.xcconfig */,
				9A3F8EE33050623A851BF111 /* Pods-ShareExt.release.xcconfig */,
				FED11246402A3CB76E85A261 /* Pods-iMessageExt.debug.xcconfig */,
				3D9F5135564F0A8FF708BED0 /* Pods-iMessageExt.release.xcconfig */,
			);
			name = Pods;
			sourceTree = "<group>";
		};
/* End PBXGroup section */

/* Begin PBXNativeTarget section */
		335B1A0D1FBB238A006DA9D9 /* Emogo */ = {
			isa = PBXNativeTarget;
			buildConfigurationList = 335B1A361FBB238B006DA9D9 /* Build configuration list for PBXNativeTarget "Emogo" */;
			buildPhases = (
				AFC226E0A45A038A8B181A5C /* [CP] Check Pods Manifest.lock */,
				335B1A0A1FBB238A006DA9D9 /* Sources */,
				335B1A0B1FBB238A006DA9D9 /* Frameworks */,
				335B1A0C1FBB238A006DA9D9 /* Resources */,
				335B1A511FBB23FE006DA9D9 /* Embed App Extensions */,
				C173F5211AF5667D4A90FF7B /* [CP] Embed Pods Frameworks */,
				230F345EC74DDC3EC0A71F7D /* [CP] Copy Pods Resources */,
			);
			buildRules = (
			);
			dependencies = (
				335B1A4C1FBB23FE006DA9D9 /* PBXTargetDependency */,
				335B1A641FBB2413006DA9D9 /* PBXTargetDependency */,
			);
			name = Emogo;
			productName = Emogo;
			productReference = 335B1A0E1FBB238A006DA9D9 /* Emogo.app */;
			productType = "com.apple.product-type.application";
		};
		335B1A211FBB238A006DA9D9 /* EmogoTests */ = {
			isa = PBXNativeTarget;
			buildConfigurationList = 335B1A391FBB238B006DA9D9 /* Build configuration list for PBXNativeTarget "EmogoTests" */;
			buildPhases = (
				335B1A1E1FBB238A006DA9D9 /* Sources */,
				335B1A1F1FBB238A006DA9D9 /* Frameworks */,
				335B1A201FBB238A006DA9D9 /* Resources */,
			);
			buildRules = (
			);
			dependencies = (
				335B1A241FBB238A006DA9D9 /* PBXTargetDependency */,
			);
			name = EmogoTests;
			productName = EmogoTests;
			productReference = 335B1A221FBB238A006DA9D9 /* EmogoTests.xctest */;
			productType = "com.apple.product-type.bundle.unit-test";
		};
		335B1A2C1FBB238B006DA9D9 /* EmogoUITests */ = {
			isa = PBXNativeTarget;
			buildConfigurationList = 335B1A3C1FBB238B006DA9D9 /* Build configuration list for PBXNativeTarget "EmogoUITests" */;
			buildPhases = (
				335B1A291FBB238B006DA9D9 /* Sources */,
				335B1A2A1FBB238B006DA9D9 /* Frameworks */,
				335B1A2B1FBB238B006DA9D9 /* Resources */,
			);
			buildRules = (
			);
			dependencies = (
				335B1A2F1FBB238B006DA9D9 /* PBXTargetDependency */,
			);
			name = EmogoUITests;
			productName = EmogoUITests;
			productReference = 335B1A2D1FBB238B006DA9D9 /* EmogoUITests.xctest */;
			productType = "com.apple.product-type.bundle.ui-testing";
		};
		335B1A421FBB23FE006DA9D9 /* ShareExt */ = {
			isa = PBXNativeTarget;
			buildConfigurationList = 335B1A4E1FBB23FE006DA9D9 /* Build configuration list for PBXNativeTarget "ShareExt" */;
			buildPhases = (
				2501A289AFFC105F2E7FAC95 /* [CP] Check Pods Manifest.lock */,
				335B1A3F1FBB23FE006DA9D9 /* Sources */,
				335B1A401FBB23FE006DA9D9 /* Frameworks */,
				335B1A411FBB23FE006DA9D9 /* Resources */,
				6FF4B822804C3FA071DEF205 /* [CP] Copy Pods Resources */,
			);
			buildRules = (
			);
			dependencies = (
			);
			name = ShareExt;
			productName = ShareExt;
			productReference = 335B1A431FBB23FE006DA9D9 /* ShareExt.appex */;
			productType = "com.apple.product-type.app-extension";
		};
		335B1A551FBB2413006DA9D9 /* iMessageExt */ = {
			isa = PBXNativeTarget;
			buildConfigurationList = 335B1A661FBB2413006DA9D9 /* Build configuration list for PBXNativeTarget "iMessageExt" */;
			buildPhases = (
				7DC7DD69B9FB2A05FF180134 /* [CP] Check Pods Manifest.lock */,
				335B1A521FBB2413006DA9D9 /* Sources */,
				335B1A531FBB2413006DA9D9 /* Frameworks */,
				335B1A541FBB2413006DA9D9 /* Resources */,
				781F79E1FA5FBDB1DEEF0C46 /* [CP] Copy Pods Resources */,
			);
			buildRules = (
			);
			dependencies = (
			);
			name = iMessageExt;
			productName = iMessageExt;
			productReference = 335B1A561FBB2413006DA9D9 /* iMessageExt.appex */;
			productType = "com.apple.product-type.app-extension.messages";
		};
/* End PBXNativeTarget section */

/* Begin PBXProject section */
		335B1A061FBB238A006DA9D9 /* Project object */ = {
			isa = PBXProject;
			attributes = {
				LastSwiftUpdateCheck = 0910;
				LastUpgradeCheck = 0910;
				ORGANIZATIONNAME = "Vikas Goyal";
				TargetAttributes = {
					335B1A0D1FBB238A006DA9D9 = {
						CreatedOnToolsVersion = 9.1;
						ProvisioningStyle = Manual;
					};
					335B1A211FBB238A006DA9D9 = {
						CreatedOnToolsVersion = 9.1;
						ProvisioningStyle = Automatic;
						TestTargetID = 335B1A0D1FBB238A006DA9D9;
					};
					335B1A2C1FBB238B006DA9D9 = {
						CreatedOnToolsVersion = 9.1;
						ProvisioningStyle = Automatic;
						TestTargetID = 335B1A0D1FBB238A006DA9D9;
					};
					335B1A421FBB23FE006DA9D9 = {
						CreatedOnToolsVersion = 9.1;
						ProvisioningStyle = Automatic;
					};
					335B1A551FBB2413006DA9D9 = {
						CreatedOnToolsVersion = 9.1;
						ProvisioningStyle = Automatic;
					};
				};
			};
			buildConfigurationList = 335B1A091FBB238A006DA9D9 /* Build configuration list for PBXProject "Emogo" */;
			compatibilityVersion = "Xcode 8.0";
			developmentRegion = en;
			hasScannedForEncodings = 0;
			knownRegions = (
				en,
				Base,
			);
			mainGroup = 335B1A051FBB238A006DA9D9;
			productRefGroup = 335B1A0F1FBB238A006DA9D9 /* Products */;
			projectDirPath = "";
			projectRoot = "";
			targets = (
				335B1A0D1FBB238A006DA9D9 /* Emogo */,
				335B1A211FBB238A006DA9D9 /* EmogoTests */,
				335B1A2C1FBB238B006DA9D9 /* EmogoUITests */,
				335B1A421FBB23FE006DA9D9 /* ShareExt */,
				335B1A551FBB2413006DA9D9 /* iMessageExt */,
			);
		};
/* End PBXProject section */

/* Begin PBXResourcesBuildPhase section */
		335B1A0C1FBB238A006DA9D9 /* Resources */ = {
			isa = PBXResourcesBuildPhase;
			buildActionMask = 2147483647;
			files = (
				33BCB07B1FBB353E004FF634 /* Montserrat-ExtraBold.otf in Resources */,
				33BCB08D1FBB353E004FF634 /* MontserratAlternates-ExtraBold.otf in Resources */,
				33BCB0821FBB353E004FF634 /* Montserrat-Medium.otf in Resources */,
				33BCB0961FBB353E004FF634 /* MontserratAlternates-Regular.otf in Resources */,
				33BCB0771FBB353E004FF634 /* Montserrat-Black.otf in Resources */,
				33BCB0851FBB353E004FF634 /* Montserrat-SemiBold.otf in Resources */,
				33BCB0971FBB353E004FF634 /* MontserratAlternates-SemiBold.otf in Resources */,
				33BCB08C1FBB353E004FF634 /* MontserratAlternates-BoldItalic.otf in Resources */,
				33BCB0951FBB353E004FF634 /* MontserratAlternates-MediumItalic.otf in Resources */,
				33BCB08B1FBB353E004FF634 /* MontserratAlternates-Bold.otf in Resources */,
				33BCB07C1FBB353E004FF634 /* Montserrat-ExtraBoldItalic.otf in Resources */,
				33BCB0891FBB353E004FF634 /* MontserratAlternates-Black.otf in Resources */,
				33BCB0871FBB353E004FF634 /* Montserrat-Thin.otf in Resources */,
				33BCB0901FBB353E004FF634 /* MontserratAlternates-ExtraLightItalic.otf in Resources */,
				335B1A1C1FBB238A006DA9D9 /* LaunchScreen.storyboard in Resources */,
				33BCB0831FBB353E004FF634 /* Montserrat-MediumItalic.otf in Resources */,
				33BCB0911FBB353E004FF634 /* MontserratAlternates-Italic.otf in Resources */,
				33BCB0921FBB353E004FF634 /* MontserratAlternates-Light.otf in Resources */,
				33BCB0801FBB353E004FF634 /* Montserrat-Light.otf in Resources */,
				33BCB0981FBB353E004FF634 /* MontserratAlternates-SemiBoldItalic.otf in Resources */,
				33BCB0941FBB353E004FF634 /* MontserratAlternates-Medium.otf in Resources */,
				33BCB08F1FBB353E004FF634 /* MontserratAlternates-ExtraLight.otf in Resources */,
				33BCB07E1FBB353E004FF634 /* Montserrat-ExtraLightItalic.otf in Resources */,
				33BCB07D1FBB353E004FF634 /* Montserrat-ExtraLight.otf in Resources */,
				33BCB0881FBB353E004FF634 /* Montserrat-ThinItalic.otf in Resources */,
				33BCB07F1FBB353E004FF634 /* Montserrat-Italic.otf in Resources */,
				33BCB0991FBB353E004FF634 /* MontserratAlternates-Thin.otf in Resources */,
				335B1A191FBB238A006DA9D9 /* Assets.xcassets in Resources */,
				33BCB0841FBB353E004FF634 /* Montserrat-Regular.otf in Resources */,
				33BCB0781FBB353E004FF634 /* Montserrat-BlackItalic.otf in Resources */,
				33BCB0931FBB353E004FF634 /* MontserratAlternates-LightItalic.otf in Resources */,
				33BCB09A1FBB353E004FF634 /* MontserratAlternates-ThinItalic.otf in Resources */,
				33BCB07A1FBB353E004FF634 /* Montserrat-BoldItalic.otf in Resources */,
				335B1A171FBB238A006DA9D9 /* Main.storyboard in Resources */,
				33BCB08E1FBB353E004FF634 /* MontserratAlternates-ExtraBoldItalic.otf in Resources */,
				33BCB0791FBB353E004FF634 /* Montserrat-Bold.otf in Resources */,
				33BCB08A1FBB353E004FF634 /* MontserratAlternates-BlackItalic.otf in Resources */,
				33BCB0811FBB353E004FF634 /* Montserrat-LightItalic.otf in Resources */,
				33BCB0861FBB353E004FF634 /* Montserrat-SemiBoldItalic.otf in Resources */,
			);
			runOnlyForDeploymentPostprocessing = 0;
		};
		335B1A201FBB238A006DA9D9 /* Resources */ = {
			isa = PBXResourcesBuildPhase;
			buildActionMask = 2147483647;
			files = (
			);
			runOnlyForDeploymentPostprocessing = 0;
		};
		335B1A2B1FBB238B006DA9D9 /* Resources */ = {
			isa = PBXResourcesBuildPhase;
			buildActionMask = 2147483647;
			files = (
			);
			runOnlyForDeploymentPostprocessing = 0;
		};
		335B1A411FBB23FE006DA9D9 /* Resources */ = {
			isa = PBXResourcesBuildPhase;
			buildActionMask = 2147483647;
			files = (
				335B1A491FBB23FE006DA9D9 /* MainInterface.storyboard in Resources */,
			);
			runOnlyForDeploymentPostprocessing = 0;
		};
		335B1A541FBB2413006DA9D9 /* Resources */ = {
			isa = PBXResourcesBuildPhase;
			buildActionMask = 2147483647;
			files = (
				335B1A611FBB2413006DA9D9 /* Assets.xcassets in Resources */,
				335B1A5F1FBB2413006DA9D9 /* MainInterface.storyboard in Resources */,
			);
			runOnlyForDeploymentPostprocessing = 0;
		};
/* End PBXResourcesBuildPhase section */

/* Begin PBXShellScriptBuildPhase section */
		230F345EC74DDC3EC0A71F7D /* [CP] Copy Pods Resources */ = {
			isa = PBXShellScriptBuildPhase;
			buildActionMask = 2147483647;
			files = (
			);
			inputPaths = (
			);
			name = "[CP] Copy Pods Resources";
			outputPaths = (
			);
			runOnlyForDeploymentPostprocessing = 0;
			shellPath = /bin/sh;
			shellScript = "\"${SRCROOT}/Pods/Target Support Files/Pods-Emogo/Pods-Emogo-resources.sh\"\n";
			showEnvVarsInLog = 0;
		};
		2501A289AFFC105F2E7FAC95 /* [CP] Check Pods Manifest.lock */ = {
			isa = PBXShellScriptBuildPhase;
			buildActionMask = 2147483647;
			files = (
			);
			inputPaths = (
				"${PODS_PODFILE_DIR_PATH}/Podfile.lock",
				"${PODS_ROOT}/Manifest.lock",
			);
			name = "[CP] Check Pods Manifest.lock";
			outputPaths = (
				"$(DERIVED_FILE_DIR)/Pods-ShareExt-checkManifestLockResult.txt",
			);
			runOnlyForDeploymentPostprocessing = 0;
			shellPath = /bin/sh;
			shellScript = "diff \"${PODS_PODFILE_DIR_PATH}/Podfile.lock\" \"${PODS_ROOT}/Manifest.lock\" > /dev/null\nif [ $? != 0 ] ; then\n    # print error to STDERR\n    echo \"error: The sandbox is not in sync with the Podfile.lock. Run 'pod install' or update your CocoaPods installation.\" >&2\n    exit 1\nfi\n# This output is used by Xcode 'outputs' to avoid re-running this script phase.\necho \"SUCCESS\" > \"${SCRIPT_OUTPUT_FILE_0}\"\n";
			showEnvVarsInLog = 0;
		};
		6FF4B822804C3FA071DEF205 /* [CP] Copy Pods Resources */ = {
			isa = PBXShellScriptBuildPhase;
			buildActionMask = 2147483647;
			files = (
			);
			inputPaths = (
			);
			name = "[CP] Copy Pods Resources";
			outputPaths = (
			);
			runOnlyForDeploymentPostprocessing = 0;
			shellPath = /bin/sh;
			shellScript = "\"${SRCROOT}/Pods/Target Support Files/Pods-ShareExt/Pods-ShareExt-resources.sh\"\n";
			showEnvVarsInLog = 0;
		};
		781F79E1FA5FBDB1DEEF0C46 /* [CP] Copy Pods Resources */ = {
			isa = PBXShellScriptBuildPhase;
			buildActionMask = 2147483647;
			files = (
			);
			inputPaths = (
			);
			name = "[CP] Copy Pods Resources";
			outputPaths = (
			);
			runOnlyForDeploymentPostprocessing = 0;
			shellPath = /bin/sh;
			shellScript = "\"${SRCROOT}/Pods/Target Support Files/Pods-iMessageExt/Pods-iMessageExt-resources.sh\"\n";
			showEnvVarsInLog = 0;
		};
		7DC7DD69B9FB2A05FF180134 /* [CP] Check Pods Manifest.lock */ = {
			isa = PBXShellScriptBuildPhase;
			buildActionMask = 2147483647;
			files = (
			);
			inputPaths = (
				"${PODS_PODFILE_DIR_PATH}/Podfile.lock",
				"${PODS_ROOT}/Manifest.lock",
			);
			name = "[CP] Check Pods Manifest.lock";
			outputPaths = (
				"$(DERIVED_FILE_DIR)/Pods-iMessageExt-checkManifestLockResult.txt",
			);
			runOnlyForDeploymentPostprocessing = 0;
			shellPath = /bin/sh;
			shellScript = "diff \"${PODS_PODFILE_DIR_PATH}/Podfile.lock\" \"${PODS_ROOT}/Manifest.lock\" > /dev/null\nif [ $? != 0 ] ; then\n    # print error to STDERR\n    echo \"error: The sandbox is not in sync with the Podfile.lock. Run 'pod install' or update your CocoaPods installation.\" >&2\n    exit 1\nfi\n# This output is used by Xcode 'outputs' to avoid re-running this script phase.\necho \"SUCCESS\" > \"${SCRIPT_OUTPUT_FILE_0}\"\n";
			showEnvVarsInLog = 0;
		};
		AFC226E0A45A038A8B181A5C /* [CP] Check Pods Manifest.lock */ = {
			isa = PBXShellScriptBuildPhase;
			buildActionMask = 2147483647;
			files = (
			);
			inputPaths = (
				"${PODS_PODFILE_DIR_PATH}/Podfile.lock",
				"${PODS_ROOT}/Manifest.lock",
			);
			name = "[CP] Check Pods Manifest.lock";
			outputPaths = (
				"$(DERIVED_FILE_DIR)/Pods-Emogo-checkManifestLockResult.txt",
			);
			runOnlyForDeploymentPostprocessing = 0;
			shellPath = /bin/sh;
			shellScript = "diff \"${PODS_PODFILE_DIR_PATH}/Podfile.lock\" \"${PODS_ROOT}/Manifest.lock\" > /dev/null\nif [ $? != 0 ] ; then\n    # print error to STDERR\n    echo \"error: The sandbox is not in sync with the Podfile.lock. Run 'pod install' or update your CocoaPods installation.\" >&2\n    exit 1\nfi\n# This output is used by Xcode 'outputs' to avoid re-running this script phase.\necho \"SUCCESS\" > \"${SCRIPT_OUTPUT_FILE_0}\"\n";
			showEnvVarsInLog = 0;
		};
		C173F5211AF5667D4A90FF7B /* [CP] Embed Pods Frameworks */ = {
			isa = PBXShellScriptBuildPhase;
			buildActionMask = 2147483647;
			files = (
			);
			inputPaths = (
				"${SRCROOT}/Pods/Target Support Files/Pods-Emogo/Pods-Emogo-frameworks.sh",
				"${BUILT_PRODUCTS_DIR}/AWSCore/AWSCore.framework",
				"${BUILT_PRODUCTS_DIR}/AWSS3/AWSS3.framework",
				"${BUILT_PRODUCTS_DIR}/Alamofire/Alamofire.framework",
				"${BUILT_PRODUCTS_DIR}/CHTCollectionViewWaterfallLayout/CHTCollectionViewWaterfallLayout.framework",
				"${BUILT_PRODUCTS_DIR}/CRNotifications/CRNotifications.framework",
				"${BUILT_PRODUCTS_DIR}/IQKeyboardManagerSwift/IQKeyboardManagerSwift.framework",
				"${BUILT_PRODUCTS_DIR}/JSONModel/JSONModel.framework",
				"${BUILT_PRODUCTS_DIR}/SDWebImage/SDWebImage.framework",
				"${BUILT_PRODUCTS_DIR}/SnapKit/SnapKit.framework",
				"${BUILT_PRODUCTS_DIR}/SwiftyJSON/SwiftyJSON.framework",
			);
			name = "[CP] Embed Pods Frameworks";
			outputPaths = (
				"${TARGET_BUILD_DIR}/${FRAMEWORKS_FOLDER_PATH}/AWSCore.framework",
				"${TARGET_BUILD_DIR}/${FRAMEWORKS_FOLDER_PATH}/AWSS3.framework",
				"${TARGET_BUILD_DIR}/${FRAMEWORKS_FOLDER_PATH}/Alamofire.framework",
				"${TARGET_BUILD_DIR}/${FRAMEWORKS_FOLDER_PATH}/CHTCollectionViewWaterfallLayout.framework",
				"${TARGET_BUILD_DIR}/${FRAMEWORKS_FOLDER_PATH}/CRNotifications.framework",
				"${TARGET_BUILD_DIR}/${FRAMEWORKS_FOLDER_PATH}/IQKeyboardManagerSwift.framework",
				"${TARGET_BUILD_DIR}/${FRAMEWORKS_FOLDER_PATH}/JSONModel.framework",
				"${TARGET_BUILD_DIR}/${FRAMEWORKS_FOLDER_PATH}/SDWebImage.framework",
				"${TARGET_BUILD_DIR}/${FRAMEWORKS_FOLDER_PATH}/SnapKit.framework",
				"${TARGET_BUILD_DIR}/${FRAMEWORKS_FOLDER_PATH}/SwiftyJSON.framework",
			);
			runOnlyForDeploymentPostprocessing = 0;
			shellPath = /bin/sh;
			shellScript = "\"${SRCROOT}/Pods/Target Support Files/Pods-Emogo/Pods-Emogo-frameworks.sh\"\n";
			showEnvVarsInLog = 0;
		};
/* End PBXShellScriptBuildPhase section */

/* Begin PBXSourcesBuildPhase section */
		335B1A0A1FBB238A006DA9D9 /* Sources */ = {
			isa = PBXSourcesBuildPhase;
			buildActionMask = 2147483647;
			files = (
				33BCB0701FBB353E004FF634 /* APIManager.swift in Sources */,
				337B52E11FBC131E00CEC0EB /* UserNameViewController.swift in Sources */,
				337B52E51FBC14C800CEC0EB /* APIConstants.swift in Sources */,
				337B52E71FBC168F00CEC0EB /* Validator.swift in Sources */,
				33BCB0761FBB353E004FF634 /* PMButton.swift in Sources */,
				335B1A121FBB238A006DA9D9 /* AppDelegate.swift in Sources */,
				33BCB09C1FBB353E004FF634 /* SignUpViewController.swift in Sources */,
				33BCB09E1FBB353E004FF634 /* VerificationViewController.swift in Sources */,
				337B52E91FBC177F00CEC0EB /* Extensions.swift in Sources */,
				33BCB09F1FBB353E004FF634 /* ViewController.swift in Sources */,
				33BCB09B1FBB353E004FF634 /* SignInViewController.swift in Sources */,
				337B52E31FBC141200CEC0EB /* AppConstants.swift in Sources */,
				33BCB0731FBB353E004FF634 /* SharedData.swift in Sources */,
			);
			runOnlyForDeploymentPostprocessing = 0;
		};
		335B1A1E1FBB238A006DA9D9 /* Sources */ = {
			isa = PBXSourcesBuildPhase;
			buildActionMask = 2147483647;
			files = (
				335B1A271FBB238A006DA9D9 /* EmogoTests.swift in Sources */,
			);
			runOnlyForDeploymentPostprocessing = 0;
		};
		335B1A291FBB238B006DA9D9 /* Sources */ = {
			isa = PBXSourcesBuildPhase;
			buildActionMask = 2147483647;
			files = (
				335B1A321FBB238B006DA9D9 /* EmogoUITests.swift in Sources */,
			);
			runOnlyForDeploymentPostprocessing = 0;
		};
		335B1A3F1FBB23FE006DA9D9 /* Sources */ = {
			isa = PBXSourcesBuildPhase;
			buildActionMask = 2147483647;
			files = (
				335B1A461FBB23FE006DA9D9 /* ShareViewController.swift in Sources */,
			);
			runOnlyForDeploymentPostprocessing = 0;
		};
		335B1A521FBB2413006DA9D9 /* Sources */ = {
			isa = PBXSourcesBuildPhase;
			buildActionMask = 2147483647;
			files = (
				335B1A5C1FBB2413006DA9D9 /* MessagesViewController.swift in Sources */,
			);
			runOnlyForDeploymentPostprocessing = 0;
		};
/* End PBXSourcesBuildPhase section */

/* Begin PBXTargetDependency section */
		335B1A241FBB238A006DA9D9 /* PBXTargetDependency */ = {
			isa = PBXTargetDependency;
			target = 335B1A0D1FBB238A006DA9D9 /* Emogo */;
			targetProxy = 335B1A231FBB238A006DA9D9 /* PBXContainerItemProxy */;
		};
		335B1A2F1FBB238B006DA9D9 /* PBXTargetDependency */ = {
			isa = PBXTargetDependency;
			target = 335B1A0D1FBB238A006DA9D9 /* Emogo */;
			targetProxy = 335B1A2E1FBB238B006DA9D9 /* PBXContainerItemProxy */;
		};
		335B1A4C1FBB23FE006DA9D9 /* PBXTargetDependency */ = {
			isa = PBXTargetDependency;
			target = 335B1A421FBB23FE006DA9D9 /* ShareExt */;
			targetProxy = 335B1A4B1FBB23FE006DA9D9 /* PBXContainerItemProxy */;
		};
		335B1A641FBB2413006DA9D9 /* PBXTargetDependency */ = {
			isa = PBXTargetDependency;
			target = 335B1A551FBB2413006DA9D9 /* iMessageExt */;
			targetProxy = 335B1A631FBB2413006DA9D9 /* PBXContainerItemProxy */;
		};
/* End PBXTargetDependency section */

/* Begin PBXVariantGroup section */
		335B1A151FBB238A006DA9D9 /* Main.storyboard */ = {
			isa = PBXVariantGroup;
			children = (
				335B1A161FBB238A006DA9D9 /* Base */,
			);
			name = Main.storyboard;
			sourceTree = "<group>";
		};
		335B1A1A1FBB238A006DA9D9 /* LaunchScreen.storyboard */ = {
			isa = PBXVariantGroup;
			children = (
				335B1A1B1FBB238A006DA9D9 /* Base */,
			);
			name = LaunchScreen.storyboard;
			sourceTree = "<group>";
		};
		335B1A471FBB23FE006DA9D9 /* MainInterface.storyboard */ = {
			isa = PBXVariantGroup;
			children = (
				335B1A481FBB23FE006DA9D9 /* Base */,
			);
			name = MainInterface.storyboard;
			sourceTree = "<group>";
		};
		335B1A5D1FBB2413006DA9D9 /* MainInterface.storyboard */ = {
			isa = PBXVariantGroup;
			children = (
				335B1A5E1FBB2413006DA9D9 /* Base */,
			);
			name = MainInterface.storyboard;
			sourceTree = "<group>";
		};
/* End PBXVariantGroup section */

/* Begin XCBuildConfiguration section */
		335B1A341FBB238B006DA9D9 /* Debug */ = {
			isa = XCBuildConfiguration;
			buildSettings = {
				ALWAYS_SEARCH_USER_PATHS = NO;
				CLANG_ANALYZER_NONNULL = YES;
				CLANG_ANALYZER_NUMBER_OBJECT_CONVERSION = YES_AGGRESSIVE;
				CLANG_CXX_LANGUAGE_STANDARD = "gnu++14";
				CLANG_CXX_LIBRARY = "libc++";
				CLANG_ENABLE_MODULES = YES;
				CLANG_ENABLE_OBJC_ARC = YES;
				CLANG_WARN_BLOCK_CAPTURE_AUTORELEASING = YES;
				CLANG_WARN_BOOL_CONVERSION = YES;
				CLANG_WARN_COMMA = YES;
				CLANG_WARN_CONSTANT_CONVERSION = YES;
				CLANG_WARN_DIRECT_OBJC_ISA_USAGE = YES_ERROR;
				CLANG_WARN_DOCUMENTATION_COMMENTS = YES;
				CLANG_WARN_EMPTY_BODY = YES;
				CLANG_WARN_ENUM_CONVERSION = YES;
				CLANG_WARN_INFINITE_RECURSION = YES;
				CLANG_WARN_INT_CONVERSION = YES;
				CLANG_WARN_NON_LITERAL_NULL_CONVERSION = YES;
				CLANG_WARN_OBJC_LITERAL_CONVERSION = YES;
				CLANG_WARN_OBJC_ROOT_CLASS = YES_ERROR;
				CLANG_WARN_RANGE_LOOP_ANALYSIS = YES;
				CLANG_WARN_STRICT_PROTOTYPES = YES;
				CLANG_WARN_SUSPICIOUS_MOVE = YES;
				CLANG_WARN_UNGUARDED_AVAILABILITY = YES_AGGRESSIVE;
				CLANG_WARN_UNREACHABLE_CODE = YES;
				CLANG_WARN__DUPLICATE_METHOD_MATCH = YES;
				CODE_SIGN_IDENTITY = "iPhone Developer";
				COPY_PHASE_STRIP = NO;
				DEBUG_INFORMATION_FORMAT = dwarf;
				ENABLE_STRICT_OBJC_MSGSEND = YES;
				ENABLE_TESTABILITY = YES;
				GCC_C_LANGUAGE_STANDARD = gnu11;
				GCC_DYNAMIC_NO_PIC = NO;
				GCC_NO_COMMON_BLOCKS = YES;
				GCC_OPTIMIZATION_LEVEL = 0;
				GCC_PREPROCESSOR_DEFINITIONS = (
					"DEBUG=1",
					"$(inherited)",
				);
				GCC_WARN_64_TO_32_BIT_CONVERSION = YES;
				GCC_WARN_ABOUT_RETURN_TYPE = YES_ERROR;
				GCC_WARN_UNDECLARED_SELECTOR = YES;
				GCC_WARN_UNINITIALIZED_AUTOS = YES_AGGRESSIVE;
				GCC_WARN_UNUSED_FUNCTION = YES;
				GCC_WARN_UNUSED_VARIABLE = YES;
				IPHONEOS_DEPLOYMENT_TARGET = 11.1;
				MTL_ENABLE_DEBUG_INFO = YES;
				ONLY_ACTIVE_ARCH = YES;
				SDKROOT = iphoneos;
				SWIFT_ACTIVE_COMPILATION_CONDITIONS = DEBUG;
				SWIFT_OPTIMIZATION_LEVEL = "-Onone";
			};
			name = Debug;
		};
		335B1A351FBB238B006DA9D9 /* Release */ = {
			isa = XCBuildConfiguration;
			buildSettings = {
				ALWAYS_SEARCH_USER_PATHS = NO;
				CLANG_ANALYZER_NONNULL = YES;
				CLANG_ANALYZER_NUMBER_OBJECT_CONVERSION = YES_AGGRESSIVE;
				CLANG_CXX_LANGUAGE_STANDARD = "gnu++14";
				CLANG_CXX_LIBRARY = "libc++";
				CLANG_ENABLE_MODULES = YES;
				CLANG_ENABLE_OBJC_ARC = YES;
				CLANG_WARN_BLOCK_CAPTURE_AUTORELEASING = YES;
				CLANG_WARN_BOOL_CONVERSION = YES;
				CLANG_WARN_COMMA = YES;
				CLANG_WARN_CONSTANT_CONVERSION = YES;
				CLANG_WARN_DIRECT_OBJC_ISA_USAGE = YES_ERROR;
				CLANG_WARN_DOCUMENTATION_COMMENTS = YES;
				CLANG_WARN_EMPTY_BODY = YES;
				CLANG_WARN_ENUM_CONVERSION = YES;
				CLANG_WARN_INFINITE_RECURSION = YES;
				CLANG_WARN_INT_CONVERSION = YES;
				CLANG_WARN_NON_LITERAL_NULL_CONVERSION = YES;
				CLANG_WARN_OBJC_LITERAL_CONVERSION = YES;
				CLANG_WARN_OBJC_ROOT_CLASS = YES_ERROR;
				CLANG_WARN_RANGE_LOOP_ANALYSIS = YES;
				CLANG_WARN_STRICT_PROTOTYPES = YES;
				CLANG_WARN_SUSPICIOUS_MOVE = YES;
				CLANG_WARN_UNGUARDED_AVAILABILITY = YES_AGGRESSIVE;
				CLANG_WARN_UNREACHABLE_CODE = YES;
				CLANG_WARN__DUPLICATE_METHOD_MATCH = YES;
				CODE_SIGN_IDENTITY = "iPhone Developer";
				COPY_PHASE_STRIP = NO;
				DEBUG_INFORMATION_FORMAT = "dwarf-with-dsym";
				ENABLE_NS_ASSERTIONS = NO;
				ENABLE_STRICT_OBJC_MSGSEND = YES;
				GCC_C_LANGUAGE_STANDARD = gnu11;
				GCC_NO_COMMON_BLOCKS = YES;
				GCC_WARN_64_TO_32_BIT_CONVERSION = YES;
				GCC_WARN_ABOUT_RETURN_TYPE = YES_ERROR;
				GCC_WARN_UNDECLARED_SELECTOR = YES;
				GCC_WARN_UNINITIALIZED_AUTOS = YES_AGGRESSIVE;
				GCC_WARN_UNUSED_FUNCTION = YES;
				GCC_WARN_UNUSED_VARIABLE = YES;
				IPHONEOS_DEPLOYMENT_TARGET = 11.1;
				MTL_ENABLE_DEBUG_INFO = NO;
				SDKROOT = iphoneos;
				SWIFT_OPTIMIZATION_LEVEL = "-Owholemodule";
				VALIDATE_PRODUCT = YES;
			};
			name = Release;
		};
		335B1A371FBB238B006DA9D9 /* Debug */ = {
			isa = XCBuildConfiguration;
			baseConfigurationReference = 1F310BC23B336DA3B9A94C58 /* Pods-Emogo.debug.xcconfig */;
			buildSettings = {
				ALWAYS_EMBED_SWIFT_STANDARD_LIBRARIES = YES;
				ASSETCATALOG_COMPILER_APPICON_NAME = AppIcon;
				CODE_SIGN_STYLE = Manual;
				DEVELOPMENT_TEAM = "";
				INFOPLIST_FILE = "$(SRCROOT)/Emogo/SupportingFiles/Info.plist";
				IPHONEOS_DEPLOYMENT_TARGET = 10.0;
				LD_RUNPATH_SEARCH_PATHS = "$(inherited) @executable_path/Frameworks";
				PRODUCT_BUNDLE_IDENTIFIER = northout.Emogo;
				PRODUCT_NAME = "$(TARGET_NAME)";
				PROVISIONING_PROFILE_SPECIFIER = "";
				SWIFT_VERSION = 4.0;
				TARGETED_DEVICE_FAMILY = 1;
			};
			name = Debug;
		};
		335B1A381FBB238B006DA9D9 /* Release */ = {
			isa = XCBuildConfiguration;
			baseConfigurationReference = C0116CE7C51A614A0E9157D1 /* Pods-Emogo.release.xcconfig */;
			buildSettings = {
				ALWAYS_EMBED_SWIFT_STANDARD_LIBRARIES = YES;
				ASSETCATALOG_COMPILER_APPICON_NAME = AppIcon;
				CODE_SIGN_STYLE = Manual;
				DEVELOPMENT_TEAM = "";
				INFOPLIST_FILE = "$(SRCROOT)/Emogo/SupportingFiles/Info.plist";
				IPHONEOS_DEPLOYMENT_TARGET = 10.0;
				LD_RUNPATH_SEARCH_PATHS = "$(inherited) @executable_path/Frameworks";
				PRODUCT_BUNDLE_IDENTIFIER = northout.Emogo;
				PRODUCT_NAME = "$(TARGET_NAME)";
				PROVISIONING_PROFILE_SPECIFIER = "";
				SWIFT_VERSION = 4.0;
				TARGETED_DEVICE_FAMILY = 1;
			};
			name = Release;
		};
		335B1A3A1FBB238B006DA9D9 /* Debug */ = {
			isa = XCBuildConfiguration;
			buildSettings = {
				ALWAYS_EMBED_SWIFT_STANDARD_LIBRARIES = YES;
				BUNDLE_LOADER = "$(TEST_HOST)";
				CODE_SIGN_STYLE = Automatic;
				DEVELOPMENT_TEAM = M35DBRABN7;
				INFOPLIST_FILE = EmogoTests/Info.plist;
				LD_RUNPATH_SEARCH_PATHS = "$(inherited) @executable_path/Frameworks @loader_path/Frameworks";
				PRODUCT_BUNDLE_IDENTIFIER = northout.EmogoTests;
				PRODUCT_NAME = "$(TARGET_NAME)";
				SWIFT_VERSION = 4.0;
				TARGETED_DEVICE_FAMILY = "1,2";
				TEST_HOST = "$(BUILT_PRODUCTS_DIR)/Emogo.app/Emogo";
			};
			name = Debug;
		};
		335B1A3B1FBB238B006DA9D9 /* Release */ = {
			isa = XCBuildConfiguration;
			buildSettings = {
				ALWAYS_EMBED_SWIFT_STANDARD_LIBRARIES = YES;
				BUNDLE_LOADER = "$(TEST_HOST)";
				CODE_SIGN_STYLE = Automatic;
				DEVELOPMENT_TEAM = M35DBRABN7;
				INFOPLIST_FILE = EmogoTests/Info.plist;
				LD_RUNPATH_SEARCH_PATHS = "$(inherited) @executable_path/Frameworks @loader_path/Frameworks";
				PRODUCT_BUNDLE_IDENTIFIER = northout.EmogoTests;
				PRODUCT_NAME = "$(TARGET_NAME)";
				SWIFT_VERSION = 4.0;
				TARGETED_DEVICE_FAMILY = "1,2";
				TEST_HOST = "$(BUILT_PRODUCTS_DIR)/Emogo.app/Emogo";
			};
			name = Release;
		};
		335B1A3D1FBB238B006DA9D9 /* Debug */ = {
			isa = XCBuildConfiguration;
			buildSettings = {
				ALWAYS_EMBED_SWIFT_STANDARD_LIBRARIES = YES;
				CODE_SIGN_STYLE = Automatic;
				DEVELOPMENT_TEAM = M35DBRABN7;
				INFOPLIST_FILE = EmogoUITests/Info.plist;
				LD_RUNPATH_SEARCH_PATHS = "$(inherited) @executable_path/Frameworks @loader_path/Frameworks";
				PRODUCT_BUNDLE_IDENTIFIER = northout.EmogoUITests;
				PRODUCT_NAME = "$(TARGET_NAME)";
				SWIFT_VERSION = 4.0;
				TARGETED_DEVICE_FAMILY = "1,2";
				TEST_TARGET_NAME = Emogo;
			};
			name = Debug;
		};
		335B1A3E1FBB238B006DA9D9 /* Release */ = {
			isa = XCBuildConfiguration;
			buildSettings = {
				ALWAYS_EMBED_SWIFT_STANDARD_LIBRARIES = YES;
				CODE_SIGN_STYLE = Automatic;
				DEVELOPMENT_TEAM = M35DBRABN7;
				INFOPLIST_FILE = EmogoUITests/Info.plist;
				LD_RUNPATH_SEARCH_PATHS = "$(inherited) @executable_path/Frameworks @loader_path/Frameworks";
				PRODUCT_BUNDLE_IDENTIFIER = northout.EmogoUITests;
				PRODUCT_NAME = "$(TARGET_NAME)";
				SWIFT_VERSION = 4.0;
				TARGETED_DEVICE_FAMILY = "1,2";
				TEST_TARGET_NAME = Emogo;
			};
			name = Release;
		};
		335B1A4F1FBB23FE006DA9D9 /* Debug */ = {
			isa = XCBuildConfiguration;
			baseConfigurationReference = 93F17F61E2C943C5CC266208 /* Pods-ShareExt.debug.xcconfig */;
			buildSettings = {
				CODE_SIGN_STYLE = Automatic;
				DEVELOPMENT_TEAM = "";
				INFOPLIST_FILE = ShareExt/Info.plist;
				IPHONEOS_DEPLOYMENT_TARGET = 10.0;
				LD_RUNPATH_SEARCH_PATHS = "$(inherited) @executable_path/Frameworks @executable_path/../../Frameworks";
				PRODUCT_BUNDLE_IDENTIFIER = northout.Emogo.ShareExt;
				PRODUCT_NAME = "$(TARGET_NAME)";
				SKIP_INSTALL = YES;
				SWIFT_VERSION = 4.0;
				TARGETED_DEVICE_FAMILY = 1;
			};
			name = Debug;
		};
		335B1A501FBB23FE006DA9D9 /* Release */ = {
			isa = XCBuildConfiguration;
			baseConfigurationReference = 9A3F8EE33050623A851BF111 /* Pods-ShareExt.release.xcconfig */;
			buildSettings = {
				CODE_SIGN_STYLE = Automatic;
				DEVELOPMENT_TEAM = "";
				INFOPLIST_FILE = ShareExt/Info.plist;
				IPHONEOS_DEPLOYMENT_TARGET = 10.0;
				LD_RUNPATH_SEARCH_PATHS = "$(inherited) @executable_path/Frameworks @executable_path/../../Frameworks";
				PRODUCT_BUNDLE_IDENTIFIER = northout.Emogo.ShareExt;
				PRODUCT_NAME = "$(TARGET_NAME)";
				SKIP_INSTALL = YES;
				SWIFT_VERSION = 4.0;
				TARGETED_DEVICE_FAMILY = 1;
			};
			name = Release;
		};
		335B1A671FBB2413006DA9D9 /* Debug */ = {
			isa = XCBuildConfiguration;
			baseConfigurationReference = FED11246402A3CB76E85A261 /* Pods-iMessageExt.debug.xcconfig */;
			buildSettings = {
				ASSETCATALOG_COMPILER_APPICON_NAME = "iMessage App Icon";
				CODE_SIGN_STYLE = Automatic;
				DEVELOPMENT_TEAM = "";
				INFOPLIST_FILE = iMessageExt/Info.plist;
				IPHONEOS_DEPLOYMENT_TARGET = 10.0;
				LD_RUNPATH_SEARCH_PATHS = "$(inherited) @executable_path/Frameworks @executable_path/../../Frameworks";
				PRODUCT_BUNDLE_IDENTIFIER = northout.Emogo.iMessageExt;
				PRODUCT_NAME = "$(TARGET_NAME)";
				SKIP_INSTALL = YES;
				SWIFT_VERSION = 4.0;
				TARGETED_DEVICE_FAMILY = 1;
			};
			name = Debug;
		};
		335B1A681FBB2413006DA9D9 /* Release */ = {
			isa = XCBuildConfiguration;
			baseConfigurationReference = 3D9F5135564F0A8FF708BED0 /* Pods-iMessageExt.release.xcconfig */;
			buildSettings = {
				ASSETCATALOG_COMPILER_APPICON_NAME = "iMessage App Icon";
				CODE_SIGN_STYLE = Automatic;
				DEVELOPMENT_TEAM = "";
				INFOPLIST_FILE = iMessageExt/Info.plist;
				IPHONEOS_DEPLOYMENT_TARGET = 10.0;
				LD_RUNPATH_SEARCH_PATHS = "$(inherited) @executable_path/Frameworks @executable_path/../../Frameworks";
				PRODUCT_BUNDLE_IDENTIFIER = northout.Emogo.iMessageExt;
				PRODUCT_NAME = "$(TARGET_NAME)";
				SKIP_INSTALL = YES;
				SWIFT_VERSION = 4.0;
				TARGETED_DEVICE_FAMILY = 1;
			};
			name = Release;
		};
/* End XCBuildConfiguration section */

/* Begin XCConfigurationList section */
		335B1A091FBB238A006DA9D9 /* Build configuration list for PBXProject "Emogo" */ = {
			isa = XCConfigurationList;
			buildConfigurations = (
				335B1A341FBB238B006DA9D9 /* Debug */,
				335B1A351FBB238B006DA9D9 /* Release */,
			);
			defaultConfigurationIsVisible = 0;
			defaultConfigurationName = Release;
		};
		335B1A361FBB238B006DA9D9 /* Build configuration list for PBXNativeTarget "Emogo" */ = {
			isa = XCConfigurationList;
			buildConfigurations = (
				335B1A371FBB238B006DA9D9 /* Debug */,
				335B1A381FBB238B006DA9D9 /* Release */,
			);
			defaultConfigurationIsVisible = 0;
			defaultConfigurationName = Release;
		};
		335B1A391FBB238B006DA9D9 /* Build configuration list for PBXNativeTarget "EmogoTests" */ = {
			isa = XCConfigurationList;
			buildConfigurations = (
				335B1A3A1FBB238B006DA9D9 /* Debug */,
				335B1A3B1FBB238B006DA9D9 /* Release */,
			);
			defaultConfigurationIsVisible = 0;
			defaultConfigurationName = Release;
		};
		335B1A3C1FBB238B006DA9D9 /* Build configuration list for PBXNativeTarget "EmogoUITests" */ = {
			isa = XCConfigurationList;
			buildConfigurations = (
				335B1A3D1FBB238B006DA9D9 /* Debug */,
				335B1A3E1FBB238B006DA9D9 /* Release */,
			);
			defaultConfigurationIsVisible = 0;
			defaultConfigurationName = Release;
		};
		335B1A4E1FBB23FE006DA9D9 /* Build configuration list for PBXNativeTarget "ShareExt" */ = {
			isa = XCConfigurationList;
			buildConfigurations = (
				335B1A4F1FBB23FE006DA9D9 /* Debug */,
				335B1A501FBB23FE006DA9D9 /* Release */,
			);
			defaultConfigurationIsVisible = 0;
			defaultConfigurationName = Release;
		};
		335B1A661FBB2413006DA9D9 /* Build configuration list for PBXNativeTarget "iMessageExt" */ = {
			isa = XCConfigurationList;
			buildConfigurations = (
				335B1A671FBB2413006DA9D9 /* Debug */,
				335B1A681FBB2413006DA9D9 /* Release */,
			);
			defaultConfigurationIsVisible = 0;
			defaultConfigurationName = Release;
		};
/* End XCConfigurationList section */
	};
	rootObject = 335B1A061FBB238A006DA9D9 /* Project object */;
}
